
Microsoft Visual Studio Solution File, Format Version 12.00
# Visual Studio Version 16
VisualStudioVersion = 16.0.32901.82
MinimumVisualStudioVersion = 10.0.40219.1
Project("{FAE04EC0-301F-11D3-BF4B-00C04F79EFBC}") = "HelloWorld", "HelloWorld\HelloWorld.csproj", "{AB8008A2-5430-4B47-BA95-E1211D055EB0}"
EndProject
Global
	GlobalSection(SolutionConfigurationPlatforms) = preSolution
		Debug|Any CPU = Debug|Any CPU
		Release|Any CPU = Release|Any CPU
	EndGlobalSection
	GlobalSection(ProjectConfigurationPlatforms) = postSolution
		{AB8008A2-5430-4B47-BA95-E1211D055EB0}.Debug|Any CPU.ActiveCfg = Debug|Any CPU
		{AB8008A2-5430-4B47-BA95-E1211D055EB0}.Debug|Any CPU.Build.0 = Debug|Any CPU
		{AB8008A2-5430-4B47-BA95-E1211D055EB0}.Release|Any CPU.ActiveCfg = Release|Any CPU
		{AB8008A2-5430-4B47-BA95-E1211D055EB0}.Release|Any CPU.Build.0 = Release|Any CPU
	EndGlobalSection
	GlobalSection(SolutionProperties) = preSolution
		HideSolutionNode = FALSE
	EndGlobalSection
	GlobalSection(ExtensibilityGlobals) = postSolution
		SolutionGuid = {F3F6D5F9-B867-4234-917A-4FBDB9CD4F99}
	EndGlobalSection
EndGlobal
